// !$*UTF8*$!
{
	archiveVersion = 1;
	classes = {
	};
	objectVersion = 46;
	objects = {

/* Begin PBXBuildFile section */
		255BC55116318F0F00EEF8F5 /* UIKit.framework in Frameworks */ = {isa = PBXBuildFile; fileRef = 255BC55016318F0F00EEF8F5 /* UIKit.framework */; };
		255BC55316318F0F00EEF8F5 /* Foundation.framework in Frameworks */ = {isa = PBXBuildFile; fileRef = 255BC55216318F0F00EEF8F5 /* Foundation.framework */; };
		255BC55516318F0F00EEF8F5 /* CoreGraphics.framework in Frameworks */ = {isa = PBXBuildFile; fileRef = 255BC55416318F0F00EEF8F5 /* CoreGraphics.framework */; };
		255BC55B16318F0F00EEF8F5 /* InfoPlist.strings in Resources */ = {isa = PBXBuildFile; fileRef = 255BC55916318F0F00EEF8F5 /* InfoPlist.strings */; };
		255BC55D16318F0F00EEF8F5 /* main.m in Sources */ = {isa = PBXBuildFile; fileRef = 255BC55C16318F0F00EEF8F5 /* main.m */; };
		255BC56116318F0F00EEF8F5 /* MoodSpotsAppDelegate.m in Sources */ = {isa = PBXBuildFile; fileRef = 255BC56016318F0F00EEF8F5 /* MoodSpotsAppDelegate.m */; };
		255BC56316318F0F00EEF8F5 /* Default.png in Resources */ = {isa = PBXBuildFile; fileRef = 255BC56216318F0F00EEF8F5 /* Default.png */; };
		255BC56516318F0F00EEF8F5 /* Default@2x.png in Resources */ = {isa = PBXBuildFile; fileRef = 255BC56416318F0F00EEF8F5 /* Default@2x.png */; };
		255BC56716318F0F00EEF8F5 /* Default-568h@2x.png in Resources */ = {isa = PBXBuildFile; fileRef = 255BC56616318F0F00EEF8F5 /* Default-568h@2x.png */; };
		255BC56A16318F0F00EEF8F5 /* MainStoryboard.storyboard in Resources */ = {isa = PBXBuildFile; fileRef = 255BC56816318F0F00EEF8F5 /* MainStoryboard.storyboard */; };
		255BC56D16318F0F00EEF8F5 /* NewMoodViewController.m in Sources */ = {isa = PBXBuildFile; fileRef = 255BC56C16318F0F00EEF8F5 /* NewMoodViewController.m */; };
		25E222B2163318EF004290B1 /* WheelView.m in Sources */ = {isa = PBXBuildFile; fileRef = 25E222B1163318EF004290B1 /* WheelView.m */; };
		25E222C016376BC0004290B1 /* WheelOverlay.m in Sources */ = {isa = PBXBuildFile; fileRef = 25E222BF16376BC0004290B1 /* WheelOverlay.m */; };
/* End PBXBuildFile section */

/* Begin PBXFileReference section */
		255BC54C16318F0F00EEF8F5 /* MoodSpots.app */ = {isa = PBXFileReference; explicitFileType = wrapper.application; includeInIndex = 0; path = MoodSpots.app; sourceTree = BUILT_PRODUCTS_DIR; };
		255BC55016318F0F00EEF8F5 /* UIKit.framework */ = {isa = PBXFileReference; lastKnownFileType = wrapper.framework; name = UIKit.framework; path = System/Library/Frameworks/UIKit.framework; sourceTree = SDKROOT; };
		255BC55216318F0F00EEF8F5 /* Foundation.framework */ = {isa = PBXFileReference; lastKnownFileType = wrapper.framework; name = Foundation.framework; path = System/Library/Frameworks/Foundation.framework; sourceTree = SDKROOT; };
		255BC55416318F0F00EEF8F5 /* CoreGraphics.framework */ = {isa = PBXFileReference; lastKnownFileType = wrapper.framework; name = CoreGraphics.framework; path = System/Library/Frameworks/CoreGraphics.framework; sourceTree = SDKROOT; };
		255BC55816318F0F00EEF8F5 /* MoodSpots-Info.plist */ = {isa = PBXFileReference; lastKnownFileType = text.plist.xml; path = "MoodSpots-Info.plist"; sourceTree = "<group>"; };
		255BC55A16318F0F00EEF8F5 /* en */ = {isa = PBXFileReference; lastKnownFileType = text.plist.strings; name = en; path = en.lproj/InfoPlist.strings; sourceTree = "<group>"; };
		255BC55C16318F0F00EEF8F5 /* main.m */ = {isa = PBXFileReference; lastKnownFileType = sourcecode.c.objc; path = main.m; sourceTree = "<group>"; };
		255BC55E16318F0F00EEF8F5 /* MoodSpots-Prefix.pch */ = {isa = PBXFileReference; lastKnownFileType = sourcecode.c.h; path = "MoodSpots-Prefix.pch"; sourceTree = "<group>"; };
		255BC55F16318F0F00EEF8F5 /* MoodSpotsAppDelegate.h */ = {isa = PBXFileReference; lastKnownFileType = sourcecode.c.h; path = MoodSpotsAppDelegate.h; sourceTree = "<group>"; };
		255BC56016318F0F00EEF8F5 /* MoodSpotsAppDelegate.m */ = {isa = PBXFileReference; lastKnownFileType = sourcecode.c.objc; path = MoodSpotsAppDelegate.m; sourceTree = "<group>"; };
		255BC56216318F0F00EEF8F5 /* Default.png */ = {isa = PBXFileReference; lastKnownFileType = image.png; path = Default.png; sourceTree = "<group>"; };
		255BC56416318F0F00EEF8F5 /* Default@2x.png */ = {isa = PBXFileReference; lastKnownFileType = image.png; path = "Default@2x.png"; sourceTree = "<group>"; };
		255BC56616318F0F00EEF8F5 /* Default-568h@2x.png */ = {isa = PBXFileReference; lastKnownFileType = image.png; path = "Default-568h@2x.png"; sourceTree = "<group>"; };
		255BC56916318F0F00EEF8F5 /* en */ = {isa = PBXFileReference; lastKnownFileType = file.storyboard; name = en; path = en.lproj/MainStoryboard.storyboard; sourceTree = "<group>"; };
		255BC56B16318F0F00EEF8F5 /* NewMoodViewController.h */ = {isa = PBXFileReference; lastKnownFileType = sourcecode.c.h; path = NewMoodViewController.h; sourceTree = "<group>"; };
		255BC56C16318F0F00EEF8F5 /* NewMoodViewController.m */ = {isa = PBXFileReference; lastKnownFileType = sourcecode.c.objc; path = NewMoodViewController.m; sourceTree = "<group>"; };
		25E222B0163318EF004290B1 /* WheelView.h */ = {isa = PBXFileReference; fileEncoding = 4; lastKnownFileType = sourcecode.c.h; path = WheelView.h; sourceTree = "<group>"; };
		25E222B1163318EF004290B1 /* WheelView.m */ = {isa = PBXFileReference; fileEncoding = 4; lastKnownFileType = sourcecode.c.objc; path = WheelView.m; sourceTree = "<group>"; };
		25E222BE16376BC0004290B1 /* WheelOverlay.h */ = {isa = PBXFileReference; fileEncoding = 4; lastKnownFileType = sourcecode.c.h; path = WheelOverlay.h; sourceTree = "<group>"; };
		25E222BF16376BC0004290B1 /* WheelOverlay.m */ = {isa = PBXFileReference; fileEncoding = 4; lastKnownFileType = sourcecode.c.objc; path = WheelOverlay.m; sourceTree = "<group>"; };
		25E222C216376EC4004290B1 /* PolarCoordinate.h */ = {isa = PBXFileReference; fileEncoding = 4; lastKnownFileType = sourcecode.c.h; path = PolarCoordinate.h; sourceTree = "<group>"; };
/* End PBXFileReference section */

/* Begin PBXFrameworksBuildPhase section */
		255BC54916318F0F00EEF8F5 /* Frameworks */ = {
			isa = PBXFrameworksBuildPhase;
			buildActionMask = 2147483647;
			files = (
				255BC55116318F0F00EEF8F5 /* UIKit.framework in Frameworks */,
				255BC55316318F0F00EEF8F5 /* Foundation.framework in Frameworks */,
				255BC55516318F0F00EEF8F5 /* CoreGraphics.framework in Frameworks */,
			);
			runOnlyForDeploymentPostprocessing = 0;
		};
/* End PBXFrameworksBuildPhase section */

/* Begin PBXGroup section */
		255BC54116318F0F00EEF8F5 = {
			isa = PBXGroup;
			children = (
				255BC55616318F0F00EEF8F5 /* MoodSpots */,
				255BC54F16318F0F00EEF8F5 /* Frameworks */,
				255BC54D16318F0F00EEF8F5 /* Products */,
			);
			sourceTree = "<group>";
		};
		255BC54D16318F0F00EEF8F5 /* Products */ = {
			isa = PBXGroup;
			children = (
				255BC54C16318F0F00EEF8F5 /* MoodSpots.app */,
			);
			name = Products;
			sourceTree = "<group>";
		};
		255BC54F16318F0F00EEF8F5 /* Frameworks */ = {
			isa = PBXGroup;
			children = (
				255BC55016318F0F00EEF8F5 /* UIKit.framework */,
				255BC55216318F0F00EEF8F5 /* Foundation.framework */,
				255BC55416318F0F00EEF8F5 /* CoreGraphics.framework */,
			);
			name = Frameworks;
			sourceTree = "<group>";
		};
		255BC55616318F0F00EEF8F5 /* MoodSpots */ = {
			isa = PBXGroup;
			children = (
				255BC55F16318F0F00EEF8F5 /* MoodSpotsAppDelegate.h */,
				255BC56016318F0F00EEF8F5 /* MoodSpotsAppDelegate.m */,
				255BC56B16318F0F00EEF8F5 /* NewMoodViewController.h */,
				255BC56C16318F0F00EEF8F5 /* NewMoodViewController.m */,
				255BC55716318F0F00EEF8F5 /* Supporting Files */,
				255BC56816318F0F00EEF8F5 /* MainStoryboard.storyboard */,
				25E222C216376EC4004290B1 /* PolarCoordinate.h */,
				25E222BE16376BC0004290B1 /* WheelOverlay.h */,
				25E222BF16376BC0004290B1 /* WheelOverlay.m */,
				25E222B0163318EF004290B1 /* WheelView.h */,
				25E222B1163318EF004290B1 /* WheelView.m */,
			);
			path = MoodSpots;
			sourceTree = "<group>";
		};
		255BC55716318F0F00EEF8F5 /* Supporting Files */ = {
			isa = PBXGroup;
			children = (
				255BC55816318F0F00EEF8F5 /* MoodSpots-Info.plist */,
				255BC55916318F0F00EEF8F5 /* InfoPlist.strings */,
				255BC55C16318F0F00EEF8F5 /* main.m */,
				255BC55E16318F0F00EEF8F5 /* MoodSpots-Prefix.pch */,
				255BC56216318F0F00EEF8F5 /* Default.png */,
				255BC56416318F0F00EEF8F5 /* Default@2x.png */,
				255BC56616318F0F00EEF8F5 /* Default-568h@2x.png */,
			);
			name = "Supporting Files";
			sourceTree = "<group>";
		};
/* End PBXGroup section */

/* Begin PBXNativeTarget section */
		255BC54B16318F0F00EEF8F5 /* MoodSpots */ = {
			isa = PBXNativeTarget;
			buildConfigurationList = 255BC57016318F0F00EEF8F5 /* Build configuration list for PBXNativeTarget "MoodSpots" */;
			buildPhases = (
				255BC54816318F0F00EEF8F5 /* Sources */,
				255BC54916318F0F00EEF8F5 /* Frameworks */,
				255BC54A16318F0F00EEF8F5 /* Resources */,
			);
			buildRules = (
			);
			dependencies = (
			);
			name = MoodSpots;
			productName = MoodSpots;
			productReference = 255BC54C16318F0F00EEF8F5 /* MoodSpots.app */;
			productType = "com.apple.product-type.application";
		};
/* End PBXNativeTarget section */

/* Begin PBXProject section */
		255BC54316318F0F00EEF8F5 /* Project object */ = {
			isa = PBXProject;
			attributes = {
				CLASSPREFIX = MoodSpots;
				LastUpgradeCheck = 0450;
				ORGANIZATIONNAME = "KU Leuven Ariadne";
			};
			buildConfigurationList = 255BC54616318F0F00EEF8F5 /* Build configuration list for PBXProject "MoodSpots" */;
			compatibilityVersion = "Xcode 3.2";
			developmentRegion = English;
			hasScannedForEncodings = 0;
			knownRegions = (
				en,
			);
			mainGroup = 255BC54116318F0F00EEF8F5;
			productRefGroup = 255BC54D16318F0F00EEF8F5 /* Products */;
			projectDirPath = "";
			projectRoot = "";
			targets = (
				255BC54B16318F0F00EEF8F5 /* MoodSpots */,
			);
		};
/* End PBXProject section */

/* Begin PBXResourcesBuildPhase section */
		255BC54A16318F0F00EEF8F5 /* Resources */ = {
			isa = PBXResourcesBuildPhase;
			buildActionMask = 2147483647;
			files = (
				255BC55B16318F0F00EEF8F5 /* InfoPlist.strings in Resources */,
				255BC56316318F0F00EEF8F5 /* Default.png in Resources */,
				255BC56516318F0F00EEF8F5 /* Default@2x.png in Resources */,
				255BC56716318F0F00EEF8F5 /* Default-568h@2x.png in Resources */,
				255BC56A16318F0F00EEF8F5 /* MainStoryboard.storyboard in Resources */,
			);
			runOnlyForDeploymentPostprocessing = 0;
		};
/* End PBXResourcesBuildPhase section */

/* Begin PBXSourcesBuildPhase section */
		255BC54816318F0F00EEF8F5 /* Sources */ = {
			isa = PBXSourcesBuildPhase;
			buildActionMask = 2147483647;
			files = (
				255BC55D16318F0F00EEF8F5 /* main.m in Sources */,
				255BC56116318F0F00EEF8F5 /* MoodSpotsAppDelegate.m in Sources */,
				255BC56D16318F0F00EEF8F5 /* NewMoodViewController.m in Sources */,
				25E222B2163318EF004290B1 /* WheelView.m in Sources */,
				25E222C016376BC0004290B1 /* WheelOverlay.m in Sources */,
			);
			runOnlyForDeploymentPostprocessing = 0;
		};
/* End PBXSourcesBuildPhase section */

/* Begin PBXVariantGroup section */
		255BC55916318F0F00EEF8F5 /* InfoPlist.strings */ = {
			isa = PBXVariantGroup;
			children = (
				255BC55A16318F0F00EEF8F5 /* en */,
			);
			name = InfoPlist.strings;
			sourceTree = "<group>";
		};
		255BC56816318F0F00EEF8F5 /* MainStoryboard.storyboard */ = {
			isa = PBXVariantGroup;
			children = (
				255BC56916318F0F00EEF8F5 /* en */,
			);
			name = MainStoryboard.storyboard;
			sourceTree = "<group>";
		};
/* End PBXVariantGroup section */

/* Begin XCBuildConfiguration section */
		255BC56E16318F0F00EEF8F5 /* Debug */ = {
			isa = XCBuildConfiguration;
			buildSettings = {
				ALWAYS_SEARCH_USER_PATHS = NO;
				CLANG_CXX_LANGUAGE_STANDARD = "gnu++0x";
				CLANG_CXX_LIBRARY = "libc++";
				CLANG_ENABLE_OBJC_ARC = YES;
				CLANG_WARN_EMPTY_BODY = YES;
				CLANG_WARN__DUPLICATE_METHOD_MATCH = YES;
				"CODE_SIGN_IDENTITY[sdk=iphoneos*]" = "iPhone Developer";
				COPY_PHASE_STRIP = NO;
				GCC_C_LANGUAGE_STANDARD = gnu99;
				GCC_DYNAMIC_NO_PIC = NO;
				GCC_OPTIMIZATION_LEVEL = 0;
				GCC_PREPROCESSOR_DEFINITIONS = (
					"DEBUG=1",
					"$(inherited)",
				);
				GCC_SYMBOLS_PRIVATE_EXTERN = NO;
				GCC_WARN_ABOUT_RETURN_TYPE = YES;
				GCC_WARN_UNINITIALIZED_AUTOS = YES;
				GCC_WARN_UNUSED_VARIABLE = YES;
				IPHONEOS_DEPLOYMENT_TARGET = 6.0;
				ONLY_ACTIVE_ARCH = YES;
				SDKROOT = iphoneos;
			};
			name = Debug;
		};
		255BC56F16318F0F00EEF8F5 /* Release */ = {
			isa = XCBuildConfiguration;
			buildSettings = {
				ALWAYS_SEARCH_USER_PATHS = NO;
				CLANG_CXX_LANGUAGE_STANDARD = "gnu++0x";
				CLANG_CXX_LIBRARY = "libc++";
				CLANG_ENABLE_OBJC_ARC = YES;
				CLANG_WARN_EMPTY_BODY = YES;
				CLANG_WARN__DUPLICATE_METHOD_MATCH = YES;
				"CODE_SIGN_IDENTITY[sdk=iphoneos*]" = "iPhone Developer";
				COPY_PHASE_STRIP = YES;
				GCC_C_LANGUAGE_STANDARD = gnu99;
				GCC_WARN_ABOUT_RETURN_TYPE = YES;
				GCC_WARN_UNINITIALIZED_AUTOS = YES;
				GCC_WARN_UNUSED_VARIABLE = YES;
				IPHONEOS_DEPLOYMENT_TARGET = 6.0;
				OTHER_CFLAGS = "-DNS_BLOCK_ASSERTIONS=1";
				SDKROOT = iphoneos;
				VALIDATE_PRODUCT = YES;
			};
			name = Release;
		};
		255BC57116318F0F00EEF8F5 /* Debug */ = {
			isa = XCBuildConfiguration;
			buildSettings = {
				GCC_PRECOMPILE_PREFIX_HEADER = YES;
				GCC_PREFIX_HEADER = "MoodSpots/MoodSpots-Prefix.pch";
				INFOPLIST_FILE = "MoodSpots/MoodSpots-Info.plist";
				PRODUCT_NAME = "$(TARGET_NAME)";
				WRAPPER_EXTENSION = app;
			};
			name = Debug;
		};
		255BC57216318F0F00EEF8F5 /* Release */ = {
			isa = XCBuildConfiguration;
			buildSettings = {
				GCC_PRECOMPILE_PREFIX_HEADER = YES;
				GCC_PREFIX_HEADER = "MoodSpots/MoodSpots-Prefix.pch";
				INFOPLIST_FILE = "MoodSpots/MoodSpots-Info.plist";
				PRODUCT_NAME = "$(TARGET_NAME)";
				WRAPPER_EXTENSION = app;
			};
			name = Release;
		};
/* End XCBuildConfiguration section */

/* Begin XCConfigurationList section */
		255BC54616318F0F00EEF8F5 /* Build configuration list for PBXProject "MoodSpots" */ = {
			isa = XCConfigurationList;
			buildConfigurations = (
				255BC56E16318F0F00EEF8F5 /* Debug */,
				255BC56F16318F0F00EEF8F5 /* Release */,
			);
			defaultConfigurationIsVisible = 0;
			defaultConfigurationName = Release;
		};
		255BC57016318F0F00EEF8F5 /* Build configuration list for PBXNativeTarget "MoodSpots" */ = {
			isa = XCConfigurationList;
			buildConfigurations = (
				255BC57116318F0F00EEF8F5 /* Debug */,
				255BC57216318F0F00EEF8F5 /* Release */,
			);
			defaultConfigurationIsVisible = 0;
			defaultConfigurationName = Release;
		};
/* End XCConfigurationList section */
	};
	rootObject = 255BC54316318F0F00EEF8F5 /* Project object */;
}
